// !$*UTF8*$!
{
	archiveVersion = 1;
	classes = {
	};
	objectVersion = 46;
	objects = {

/* Begin PBXBuildFile section */
		1DDA638719C77B31009A82C2 /* AppDelegate.swift in Sources */ = {isa = PBXBuildFile; fileRef = 1DDA638619C77B31009A82C2 /* AppDelegate.swift */; };
		1DDA638919C77B31009A82C2 /* ViewController.swift in Sources */ = {isa = PBXBuildFile; fileRef = 1DDA638819C77B31009A82C2 /* ViewController.swift */; };
		1DDA638C19C77B31009A82C2 /* Main.storyboard in Resources */ = {isa = PBXBuildFile; fileRef = 1DDA638A19C77B31009A82C2 /* Main.storyboard */; };
		1DDA638E19C77B31009A82C2 /* Images.xcassets in Resources */ = {isa = PBXBuildFile; fileRef = 1DDA638D19C77B31009A82C2 /* Images.xcassets */; };
		1DDA639119C77B31009A82C2 /* LaunchScreen.xib in Resources */ = {isa = PBXBuildFile; fileRef = 1DDA638F19C77B31009A82C2 /* LaunchScreen.xib */; };
		1DDA639D19C77B31009A82C2 /* WelcomeTests.swift in Sources */ = {isa = PBXBuildFile; fileRef = 1DDA639C19C77B31009A82C2 /* WelcomeTests.swift */; };
		1DDA63A819C892C4009A82C2 /* InfoPlist.strings in Resources */ = {isa = PBXBuildFile; fileRef = 1DDA63AA19C892C4009A82C2 /* InfoPlist.strings */; };
		1DDA63AF19C892C4009A82C2 /* InfoPlist.strings in Resources */ = {isa = PBXBuildFile; fileRef = 1DDA63B119C892C4009A82C2 /* InfoPlist.strings */; };
/* End PBXBuildFile section */

/* Begin PBXContainerItemProxy section */
		1DDA639719C77B31009A82C2 /* PBXContainerItemProxy */ = {
			isa = PBXContainerItemProxy;
			containerPortal = 1DDA637919C77B31009A82C2 /* Project object */;
			proxyType = 1;
			remoteGlobalIDString = 1DDA638019C77B31009A82C2;
			remoteInfo = Welcome;
		};
/* End PBXContainerItemProxy section */

/* Begin PBXFileReference section */
		1DDA638119C77B31009A82C2 /* Welcome.app */ = {isa = PBXFileReference; explicitFileType = wrapper.application; includeInIndex = 0; path = Welcome.app; sourceTree = BUILT_PRODUCTS_DIR; };
		1DDA638519C77B31009A82C2 /* Info.plist */ = {isa = PBXFileReference; lastKnownFileType = text.plist.xml; path = Info.plist; sourceTree = "<group>"; };
		1DDA638619C77B31009A82C2 /* AppDelegate.swift */ = {isa = PBXFileReference; lastKnownFileType = sourcecode.swift; path = AppDelegate.swift; sourceTree = "<group>"; };
		1DDA638819C77B31009A82C2 /* ViewController.swift */ = {isa = PBXFileReference; lastKnownFileType = sourcecode.swift; path = ViewController.swift; sourceTree = "<group>"; };
		1DDA638B19C77B31009A82C2 /* Base */ = {isa = PBXFileReference; lastKnownFileType = file.storyboard; name = Base; path = Base.lproj/Main.storyboard; sourceTree = "<group>"; };
		1DDA638D19C77B31009A82C2 /* Images.xcassets */ = {isa = PBXFileReference; lastKnownFileType = folder.assetcatalog; path = Images.xcassets; sourceTree = "<group>"; };
		1DDA639019C77B31009A82C2 /* Base */ = {isa = PBXFileReference; lastKnownFileType = file.xib; name = Base; path = Base.lproj/LaunchScreen.xib; sourceTree = "<group>"; };
		1DDA639619C77B31009A82C2 /* WelcomeTests.xctest */ = {isa = PBXFileReference; explicitFileType = wrapper.cfbundle; includeInIndex = 0; path = WelcomeTests.xctest; sourceTree = BUILT_PRODUCTS_DIR; };
		1DDA639B19C77B31009A82C2 /* Info.plist */ = {isa = PBXFileReference; lastKnownFileType = text.plist.xml; path = Info.plist; sourceTree = "<group>"; };
		1DDA639C19C77B31009A82C2 /* WelcomeTests.swift */ = {isa = PBXFileReference; lastKnownFileType = sourcecode.swift; path = WelcomeTests.swift; sourceTree = "<group>"; };
		1DDA63A919C892C4009A82C2 /* es */ = {isa = PBXFileReference; lastKnownFileType = text.plist.strings; name = es; path = es.lproj/InfoPlist.strings; sourceTree = "<group>"; };
		1DDA63AB19C892C4009A82C2 /* es */ = {isa = PBXFileReference; lastKnownFileType = text.plist.strings; name = es; path = es.lproj/LaunchScreen.strings; sourceTree = "<group>"; };
		1DDA63AC19C892C4009A82C2 /* es */ = {isa = PBXFileReference; lastKnownFileType = text.plist.strings; name = es; path = es.lproj/Main.strings; sourceTree = "<group>"; };
		1DDA63B019C892C4009A82C2 /* es */ = {isa = PBXFileReference; lastKnownFileType = text.plist.strings; name = es; path = es.lproj/InfoPlist.strings; sourceTree = "<group>"; };
/* End PBXFileReference section */

/* Begin PBXFrameworksBuildPhase section */
		1DDA637E19C77B31009A82C2 /* Frameworks */ = {
			isa = PBXFrameworksBuildPhase;
			buildActionMask = 2147483647;
			files = (
			);
			runOnlyForDeploymentPostprocessing = 0;
		};
		1DDA639319C77B31009A82C2 /* Frameworks */ = {
			isa = PBXFrameworksBuildPhase;
			buildActionMask = 2147483647;
			files = (
			);
			runOnlyForDeploymentPostprocessing = 0;
		};
/* End PBXFrameworksBuildPhase section */

/* Begin PBXGroup section */
		1DDA637819C77B31009A82C2 = {
			isa = PBXGroup;
			children = (
				1DDA638319C77B31009A82C2 /* Welcome */,
				1DDA639919C77B31009A82C2 /* WelcomeTests */,
				1DDA638219C77B31009A82C2 /* Products */,
			);
			sourceTree = "<group>";
		};
		1DDA638219C77B31009A82C2 /* Products */ = {
			isa = PBXGroup;
			children = (
				1DDA638119C77B31009A82C2 /* Welcome.app */,
				1DDA639619C77B31009A82C2 /* WelcomeTests.xctest */,
			);
			name = Products;
			sourceTree = "<group>";
		};
		1DDA638319C77B31009A82C2 /* Welcome */ = {
			isa = PBXGroup;
			children = (
				1DDA638619C77B31009A82C2 /* AppDelegate.swift */,
				1DDA638819C77B31009A82C2 /* ViewController.swift */,
				1DDA638A19C77B31009A82C2 /* Main.storyboard */,
				1DDA638D19C77B31009A82C2 /* Images.xcassets */,
				1DDA638F19C77B31009A82C2 /* LaunchScreen.xib */,
				1DDA638419C77B31009A82C2 /* Supporting Files */,
			);
			path = Welcome;
			sourceTree = "<group>";
		};
		1DDA638419C77B31009A82C2 /* Supporting Files */ = {
			isa = PBXGroup;
			children = (
				1DDA63AA19C892C4009A82C2 /* InfoPlist.strings */,
				1DDA638519C77B31009A82C2 /* Info.plist */,
			);
			name = "Supporting Files";
			sourceTree = "<group>";
		};
		1DDA639919C77B31009A82C2 /* WelcomeTests */ = {
			isa = PBXGroup;
			children = (
				1DDA639C19C77B31009A82C2 /* WelcomeTests.swift */,
				1DDA639A19C77B31009A82C2 /* Supporting Files */,
			);
			path = WelcomeTests;
			sourceTree = "<group>";
		};
		1DDA639A19C77B31009A82C2 /* Supporting Files */ = {
			isa = PBXGroup;
			children = (
				1DDA63B119C892C4009A82C2 /* InfoPlist.strings */,
				1DDA639B19C77B31009A82C2 /* Info.plist */,
			);
			name = "Supporting Files";
			sourceTree = "<group>";
		};
/* End PBXGroup section */

/* Begin PBXNativeTarget section */
		1DDA638019C77B31009A82C2 /* Welcome */ = {
			isa = PBXNativeTarget;
			buildConfigurationList = 1DDA63A019C77B31009A82C2 /* Build configuration list for PBXNativeTarget "Welcome" */;
			buildPhases = (
				1DDA637D19C77B31009A82C2 /* Sources */,
				1DDA637E19C77B31009A82C2 /* Frameworks */,
				1DDA637F19C77B31009A82C2 /* Resources */,
			);
			buildRules = (
			);
			dependencies = (
			);
			name = Welcome;
			productName = Welcome;
			productReference = 1DDA638119C77B31009A82C2 /* Welcome.app */;
			productType = "com.apple.product-type.application";
		};
		1DDA639519C77B31009A82C2 /* WelcomeTests */ = {
			isa = PBXNativeTarget;
			buildConfigurationList = 1DDA63A319C77B31009A82C2 /* Build configuration list for PBXNativeTarget "WelcomeTests" */;
			buildPhases = (
				1DDA639219C77B31009A82C2 /* Sources */,
				1DDA639319C77B31009A82C2 /* Frameworks */,
				1DDA639419C77B31009A82C2 /* Resources */,
			);
			buildRules = (
			);
			dependencies = (
				1DDA639819C77B31009A82C2 /* PBXTargetDependency */,
			);
			name = WelcomeTests;
			productName = WelcomeTests;
			productReference = 1DDA639619C77B31009A82C2 /* WelcomeTests.xctest */;
			productType = "com.apple.product-type.bundle.unit-test";
		};
/* End PBXNativeTarget section */

/* Begin PBXProject section */
		1DDA637919C77B31009A82C2 /* Project object */ = {
			isa = PBXProject;
			attributes = {
				LastUpgradeCheck = 0600;
				ORGANIZATIONNAME = "Deitel and Associates, Inc.";
				TargetAttributes = {
					1DDA638019C77B31009A82C2 = {
						CreatedOnToolsVersion = 6.0;
						DevelopmentTeam = 2EW6YW5V2F;
					};
					1DDA639519C77B31009A82C2 = {
						CreatedOnToolsVersion = 6.0;
						TestTargetID = 1DDA638019C77B31009A82C2;
					};
				};
			};
			buildConfigurationList = 1DDA637C19C77B31009A82C2 /* Build configuration list for PBXProject "Welcome" */;
			compatibilityVersion = "Xcode 3.2";
			developmentRegion = English;
			hasScannedForEncodings = 0;
			knownRegions = (
				en,
				Base,
			);
			mainGroup = 1DDA637819C77B31009A82C2;
			productRefGroup = 1DDA638219C77B31009A82C2 /* Products */;
			projectDirPath = "";
			projectRoot = "";
			targets = (
				1DDA638019C77B31009A82C2 /* Welcome */,
				1DDA639519C77B31009A82C2 /* WelcomeTests */,
			);
		};
/* End PBXProject section */

/* Begin PBXResourcesBuildPhase section */
		1DDA637F19C77B31009A82C2 /* Resources */ = {
			isa = PBXResourcesBuildPhase;
			buildActionMask = 2147483647;
			files = (
				1DDA638C19C77B31009A82C2 /* Main.storyboard in Resources */,
				1DDA63A819C892C4009A82C2 /* InfoPlist.strings in Resources */,
				1DDA639119C77B31009A82C2 /* LaunchScreen.xib in Resources */,
				1DDA638E19C77B31009A82C2 /* Images.xcassets in Resources */,
			);
			runOnlyForDeploymentPostprocessing = 0;
		};
		1DDA639419C77B31009A82C2 /* Resources */ = {
			isa = PBXResourcesBuildPhase;
			buildActionMask = 2147483647;
			files = (
				1DDA63AF19C892C4009A82C2 /* InfoPlist.strings in Resources */,
			);
			runOnlyForDeploymentPostprocessing = 0;
		};
/* End PBXResourcesBuildPhase section */

/* Begin PBXSourcesBuildPhase section */
		1DDA637D19C77B31009A82C2 /* Sources */ = {
			isa = PBXSourcesBuildPhase;
			buildActionMask = 2147483647;
			files = (
				1DDA638919C77B31009A82C2 /* ViewController.swift in Sources */,
				1DDA638719C77B31009A82C2 /* AppDelegate.swift in Sources */,
			);
			runOnlyForDeploymentPostprocessing = 0;
		};
		1DDA639219C77B31009A82C2 /* Sources */ = {
			isa = PBXSourcesBuildPhase;
			buildActionMask = 2147483647;
			files = (
				1DDA639D19C77B31009A82C2 /* WelcomeTests.swift in Sources */,
			);
			runOnlyForDeploymentPostprocessing = 0;
		};
/* End PBXSourcesBuildPhase section */

/* Begin PBXTargetDependency section */
		1DDA639819C77B31009A82C2 /* PBXTargetDependency */ = {
			isa = PBXTargetDependency;
			target = 1DDA638019C77B31009A82C2 /* Welcome */;
			targetProxy = 1DDA639719C77B31009A82C2 /* PBXContainerItemProxy */;
		};
/* End PBXTargetDependency section */

/* Begin PBXVariantGroup section */
		1DDA638A19C77B31009A82C2 /* Main.storyboard */ = {
			isa = PBXVariantGroup;
			children = (
				1DDA638B19C77B31009A82C2 /* Base */,
				1DDA63AC19C892C4009A82C2 /* es */,
			);
			name = Main.storyboard;
			sourceTree = "<group>";
		};
		1DDA638F19C77B31009A82C2 /* LaunchScreen.xib */ = {
			isa = PBXVariantGroup;
			children = (
				1DDA639019C77B31009A82C2 /* Base */,
				1DDA63AB19C892C4009A82C2 /* es */,
			);
			name = LaunchScreen.xib;
			sourceTree = "<group>";
		};
		1DDA63AA19C892C4009A82C2 /* InfoPlist.strings */ = {
			isa = PBXVariantGroup;
			children = (
				1DDA63A919C892C4009A82C2 /* es */,
			);
			name = InfoPlist.strings;
			sourceTree = "<group>";
		};
		1DDA63B119C892C4009A82C2 /* InfoPlist.strings */ = {
			isa = PBXVariantGroup;
			children = (
				1DDA63B019C892C4009A82C2 /* es */,
			);
			name = InfoPlist.strings;
			sourceTree = "<group>";
		};
/* End PBXVariantGroup section */

/* Begin XCBuildConfiguration section */
		1DDA639E19C77B31009A82C2 /* Debug */ = {
			isa = XCBuildConfiguration;
			buildSettings = {
				ALWAYS_SEARCH_USER_PATHS = NO;
				CLANG_CXX_LANGUAGE_STANDARD = "gnu++0x";
				CLANG_CXX_LIBRARY = "libc++";
				CLANG_ENABLE_MODULES = YES;
				CLANG_ENABLE_OBJC_ARC = YES;
				CLANG_WARN_BOOL_CONVERSION = YES;
				CLANG_WARN_CONSTANT_CONVERSION = YES;
				CLANG_WARN_DIRECT_OBJC_ISA_USAGE = YES_ERROR;
				CLANG_WARN_EMPTY_BODY = YES;
				CLANG_WARN_ENUM_CONVERSION = YES;
				CLANG_WARN_INT_CONVERSION = YES;
				CLANG_WARN_OBJC_ROOT_CLASS = YES_ERROR;
				CLANG_WARN_UNREACHABLE_CODE = YES;
				CLANG_WARN__DUPLICATE_METHOD_MATCH = YES;
				"CODE_SIGN_IDENTITY[sdk=iphoneos*]" = "iPhone Developer";
				COPY_PHASE_STRIP = NO;
				ENABLE_STRICT_OBJC_MSGSEND = YES;
				GCC_C_LANGUAGE_STANDARD = gnu99;
				GCC_DYNAMIC_NO_PIC = NO;
				GCC_OPTIMIZATION_LEVEL = 0;
				GCC_PREPROCESSOR_DEFINITIONS = (
					"DEBUG=1",
					"$(inherited)",
				);
				GCC_SYMBOLS_PRIVATE_EXTERN = NO;
				GCC_WARN_64_TO_32_BIT_CONVERSION = YES;
				GCC_WARN_ABOUT_RETURN_TYPE = YES_ERROR;
				GCC_WARN_UNDECLARED_SELECTOR = YES;
				GCC_WARN_UNINITIALIZED_AUTOS = YES_AGGRESSIVE;
				GCC_WARN_UNUSED_FUNCTION = YES;
				GCC_WARN_UNUSED_VARIABLE = YES;
				IPHONEOS_DEPLOYMENT_TARGET = 8.0;
				MTL_ENABLE_DEBUG_INFO = YES;
				ONLY_ACTIVE_ARCH = YES;
				SDKROOT = iphoneos;
				SWIFT_OPTIMIZATION_LEVEL = "-Onone";
				TARGETED_DEVICE_FAMILY = "1,2";
			};
			name = Debug;
		};
		1DDA639F19C77B31009A82C2 /* Release */ = {
			isa = XCBuildConfiguration;
			buildSettings = {
				ALWAYS_SEARCH_USER_PATHS = NO;
				CLANG_CXX_LANGUAGE_STANDARD = "gnu++0x";
				CLANG_CXX_LIBRARY = "libc++";
				CLANG_ENABLE_MODULES = YES;
				CLANG_ENABLE_OBJC_ARC = YES;
				CLANG_WARN_BOOL_CONVERSION = YES;
				CLANG_WARN_CONSTANT_CONVERSION = YES;
				CLANG_WARN_DIRECT_OBJC_ISA_USAGE = YES_ERROR;
				CLANG_WARN_EMPTY_BODY = YES;
				CLANG_WARN_ENUM_CONVERSION = YES;
				CLANG_WARN_INT_CONVERSION = YES;
				CLANG_WARN_OBJC_ROOT_CLASS = YES_ERROR;
				CLANG_WARN_UNREACHABLE_CODE = YES;
				CLANG_WARN__DUPLICATE_METHOD_MATCH = YES;
				"CODE_SIGN_IDENTITY[sdk=iphoneos*]" = "iPhone Developer";
				COPY_PHASE_STRIP = YES;
				ENABLE_NS_ASSERTIONS = NO;
				ENABLE_STRICT_OBJC_MSGSEND = YES;
				GCC_C_LANGUAGE_STANDARD = gnu99;
				GCC_WARN_64_TO_32_BIT_CONVERSION = YES;
				GCC_WARN_ABOUT_RETURN_TYPE = YES_ERROR;
				GCC_WARN_UNDECLARED_SELECTOR = YES;
				GCC_WARN_UNINITIALIZED_AUTOS = YES_AGGRESSIVE;
				GCC_WARN_UNUSED_FUNCTION = YES;
				GCC_WARN_UNUSED_VARIABLE = YES;
				IPHONEOS_DEPLOYMENT_TARGET = 8.0;
				MTL_ENABLE_DEBUG_INFO = NO;
				SDKROOT = iphoneos;
				TARGETED_DEVICE_FAMILY = "1,2";
				VALIDATE_PRODUCT = YES;
			};
			name = Release;
		};
		1DDA63A119C77B31009A82C2 /* Debug */ = {
			isa = XCBuildConfiguration;
			buildSettings = {
				ASSETCATALOG_COMPILER_APPICON_NAME = AppIcon;
				INFOPLIST_FILE = Welcome/Info.plist;
				LD_RUNPATH_SEARCH_PATHS = "$(inherited) @executable_path/Frameworks";
				PRODUCT_NAME = "$(TARGET_NAME)";
			};
			name = Debug;
		};
		1DDA63A219C77B31009A82C2 /* Release */ = {
			isa = XCBuildConfiguration;
			buildSettings = {
				ASSETCATALOG_COMPILER_APPICON_NAME = AppIcon;
				INFOPLIST_FILE = Welcome/Info.plist;
				LD_RUNPATH_SEARCH_PATHS = "$(inherited) @executable_path/Frameworks";
				PRODUCT_NAME = "$(TARGET_NAME)";
			};
			name = Release;
		};
		1DDA63A419C77B31009A82C2 /* Debug */ = {
			isa = XCBuildConfiguration;
			buildSettings = {
				BUNDLE_LOADER = "$(TEST_HOST)";
				FRAMEWORK_SEARCH_PATHS = (
					"$(SDKROOT)/Developer/Library/Frameworks",
					"$(inherited)",
				);
				GCC_PREPROCESSOR_DEFINITIONS = (
					"DEBUG=1",
					"$(inherited)",
				);
				INFOPLIST_FILE = WelcomeTests/Info.plist;
				LD_RUNPATH_SEARCH_PATHS = "$(inherited) @executable_path/Frameworks @loader_path/Frameworks";
				PRODUCT_NAME = "$(TARGET_NAME)";
				TEST_HOST = "$(BUILT_PRODUCTS_DIR)/Welcome.app/Welcome";
			};
			name = Debug;
		};
		1DDA63A519C77B31009A82C2 /* Release */ = {
			isa = XCBuildConfiguration;
			buildSettings = {
				BUNDLE_LOADER = "$(TEST_HOST)";
				FRAMEWORK_SEARCH_PATHS = (
					"$(SDKROOT)/Developer/Library/Frameworks",
					"$(inherited)",
				);
				INFOPLIST_FILE = WelcomeTests/Info.plist;
				LD_RUNPATH_SEARCH_PATHS = "$(inherited) @executable_path/Frameworks @loader_path/Frameworks";
				PRODUCT_NAME = "$(TARGET_NAME)";
				TEST_HOST = "$(BUILT_PRODUCTS_DIR)/Welcome.app/Welcome";
			};
			name = Release;
		};
/* End XCBuildConfiguration section */

/* Begin XCConfigurationList section */
		1DDA637C19C77B31009A82C2 /* Build configuration list for PBXProject "Welcome" */ = {
			isa = XCConfigurationList;
			buildConfigurations = (
				1DDA639E19C77B31009A82C2 /* Debug */,
				1DDA639F19C77B31009A82C2 /* Release */,
			);
			defaultConfigurationIsVisible = 0;
			defaultConfigurationName = Release;
		};
		1DDA63A019C77B31009A82C2 /* Build configuration list for PBXNativeTarget "Welcome" */ = {
			isa = XCConfigurationList;
			buildConfigurations = (
				1DDA63A119C77B31009A82C2 /* Debug */,
				1DDA63A219C77B31009A82C2 /* Release */,
			);
			defaultConfigurationIsVisible = 0;
			defaultConfigurationName = Release;
		};
		1DDA63A319C77B31009A82C2 /* Build configuration list for PBXNativeTarget "WelcomeTests" */ = {
			isa = XCConfigurationList;
			buildConfigurations = (
				1DDA63A419C77B31009A82C2 /* Debug */,
				1DDA63A519C77B31009A82C2 /* Release */,
			);
			defaultConfigurationIsVisible = 0;
			defaultConfigurationName = Release;
		};
/* End XCConfigurationList section */
	};
	rootObject = 1DDA637919C77B31009A82C2 /* Project object */;
}
